
Microsoft Visual Studio Solution File, Format Version 12.00
# Visual Studio 15
VisualStudioVersion = 15.0.28010.2050
MinimumVisualStudioVersion = 10.0.40219.1
Project("{FAE04EC0-301F-11D3-BF4B-00C04F79EFBC}") = "OrderDB", "OrderDB\OrderDB.csproj", "{99334AE3-AB48-4C15-B26B-450C0B207BF2}"
EndProject
Global
	GlobalSection(SolutionConfigurationPlatforms) = preSolution
		Debug|Any CPU = Debug|Any CPU
		Release|Any CPU = Release|Any CPU
	EndGlobalSection
	GlobalSection(ProjectConfigurationPlatforms) = postSolution
		{99334AE3-AB48-4C15-B26B-450C0B207BF2}.Debug|Any CPU.ActiveCfg = Debug|Any CPU
		{99334AE3-AB48-4C15-B26B-450C0B207BF2}.Debug|Any CPU.Build.0 = Debug|Any CPU
		{99334AE3-AB48-4C15-B26B-450C0B207BF2}.Release|Any CPU.ActiveCfg = Release|Any CPU
		{99334AE3-AB48-4C15-B26B-450C0B207BF2}.Release|Any CPU.Build.0 = Release|Any CPU
	EndGlobalSection
	GlobalSection(SolutionProperties) = preSolution
		HideSolutionNode = FALSE
	EndGlobalSection
	GlobalSection(ExtensibilityGlobals) = postSolution
		SolutionGuid = {69E5DAF3-E2C1-47B3-A3F3-91E25361F105}
	EndGlobalSection
EndGlobal
