
Microsoft Visual Studio Solution File, Format Version 12.00
# Visual Studio 15
VisualStudioVersion = 15.0.28010.2050
MinimumVisualStudioVersion = 10.0.40219.1
Project("{FAE04EC0-301F-11D3-BF4B-00C04F79EFBC}") = "Calculator", "Calculator\Calculator.csproj", "{5AC37FFA-CF9F-49E2-90DC-42EB40723018}"
EndProject
Global
	GlobalSection(SolutionConfigurationPlatforms) = preSolution
		Debug|Any CPU = Debug|Any CPU
		Release|Any CPU = Release|Any CPU
	EndGlobalSection
	GlobalSection(ProjectConfigurationPlatforms) = postSolution
		{5AC37FFA-CF9F-49E2-90DC-42EB40723018}.Debug|Any CPU.ActiveCfg = Debug|Any CPU
		{5AC37FFA-CF9F-49E2-90DC-42EB40723018}.Debug|Any CPU.Build.0 = Debug|Any CPU
		{5AC37FFA-CF9F-49E2-90DC-42EB40723018}.Release|Any CPU.ActiveCfg = Release|Any CPU
		{5AC37FFA-CF9F-49E2-90DC-42EB40723018}.Release|Any CPU.Build.0 = Release|Any CPU
	EndGlobalSection
	GlobalSection(SolutionProperties) = preSolution
		HideSolutionNode = FALSE
	EndGlobalSection
	GlobalSection(ExtensibilityGlobals) = postSolution
		SolutionGuid = {6BDCF556-8010-4981-B779-BE172AFC81FC}
	EndGlobalSection
EndGlobal
